{
  "nodes": {
    "nixCats": {
      "locked": {
        "dir": "nix",
        "lastModified": 1724645013,
        "narHash": "sha256-U0RDcxSnletiegcd1wipOSJt29H4n6BcDZmg9x1bP1s=",
        "owner": "BirdeeHub",
        "repo": "nixCats-nvim",
        "rev": "468eaa101b8ab43fefb327ffda89a8ebb78db444",
        "type": "github"
      },
      "original": {
        "dir": "nix",
        "owner": "BirdeeHub",
        "repo": "nixCats-nvim",
        "type": "github"
      }
    },
    "nixpkgs": {
      "locked": {
        "lastModified": 1724395761,
        "narHash": "sha256-zRkDV/nbrnp3Y8oCADf5ETl1sDrdmAW6/bBVJ8EbIdQ=",
        "owner": "nixos",
        "repo": "nixpkgs",
        "rev": "ae815cee91b417be55d43781eb4b73ae1ecc396c",
        "type": "github"
      },
      "original": {
        "owner": "nixos",
        "ref": "nixpkgs-unstable",
        "repo": "nixpkgs",
        "type": "github"
      }
    },
    "root": {
      "inputs": {
        "nixCats": "nixCats",
        "nixpkgs": "nixpkgs"
      }
    }
  },
  "root": "root",
  "version": 7
}
